
Microsoft Visual Studio Solution File, Format Version 12.00
# Visual Studio Version 17
VisualStudioVersion = 17.6.33815.320
MinimumVisualStudioVersion = 10.0.40219.1
Project("{FAE04EC0-301F-11D3-BF4B-00C04F79EFBC}") = "html", "html\html.csproj", "{7EC76EC1-E05E-467A-BC39-9E2399B2002C}"
EndProject
Global
	GlobalSection(SolutionConfigurationPlatforms) = preSolution
		Debug|Any CPU = Debug|Any CPU
		Release|Any CPU = Release|Any CPU
	EndGlobalSection
	GlobalSection(ProjectConfigurationPlatforms) = postSolution
		{7EC76EC1-E05E-467A-BC39-9E2399B2002C}.Debug|Any CPU.ActiveCfg = Debug|Any CPU
		{7EC76EC1-E05E-467A-BC39-9E2399B2002C}.Debug|Any CPU.Build.0 = Debug|Any CPU
		{7EC76EC1-E05E-467A-BC39-9E2399B2002C}.Release|Any CPU.ActiveCfg = Release|Any CPU
		{7EC76EC1-E05E-467A-BC39-9E2399B2002C}.Release|Any CPU.Build.0 = Release|Any CPU
	EndGlobalSection
	GlobalSection(SolutionProperties) = preSolution
		HideSolutionNode = FALSE
	EndGlobalSection
	GlobalSection(ExtensibilityGlobals) = postSolution
		SolutionGuid = {FC29F3AB-75D9-41CA-89C1-125C652D9181}
	EndGlobalSection
EndGlobal
